github.com/Chatdanai-N/dog v0.0.0-20260606081627-a138b9546a07 h1:MLiOyIWNAoq9jVrzdASoRW9ZYpI9gPO23/6RJTgoRqM=
github.com/Chatdanai-N/dog v0.0.0-20260606081627-a138b9546a07/go.mod h1:28wiXTZ5OOBSxJlOkkiyTHqNn6RL14cpkFQyisQa2mE=
github.com/Chatdanai-N/puppy v0.0.0-20260606073013-3d2d5651fb49 h1:8Trwo7e2k0tVppX9Kp9OZ8GG9Oqv3g87a0UBsLnjzzM=
github.com/Chatdanai-N/puppy v0.0.0-20260606073013-3d2d5651fb49/go.mod h1:MgQeW/rjfCSsfLJUoGzRHHDvmyd1kmzcanYpiBWMvKQ=
github.com/Chatdanai-N/puppy v0.0.0-20260606082043-933908d8fae4 h1:NsyjzXfnCKxpKjKVBq6q1TW1B40oOXOjeZSCNSRuWhg=
github.com/Chatdanai-N/puppy v0.0.0-20260606082043-933908d8fae4/go.mod h1:zu5N+uQriVfJk7CdGmOQVgN2L71L8/Oiodh2DDqi+Vw=
